<Solution>
  <Folder Name="/Solution/">
    <File Path="README.md" />
  </Folder>
  <Project Path="RollingMaze/RollingMaze.csproj">
    <Deploy Solution="Debug|*" />
  </Project>
  <Project Path="RollingMaze.Mazes/RollingMaze.Mazes.csproj" />
  <Project Path="MazeDesigner/MazeDesigner.csproj" />
</Solution>
